dependencies:
- name: postgresql
  repository: https://charts.bitnami.com/bitnami
  version: 14.0.5
- name: mariadb
  repository: https://charts.bitnami.com/bitnami
  version: 16.0.2
digest: sha256:96a2a72992e2d88b2331122c384f2dbe97809fb590fd7fab13dbebd7db342e47
generated: "2024-02-12T20:40:02.568244689+01:00"
